
Microsoft Visual Studio Solution File, Format Version 12.00
# Visual Studio 2012
Project("{FAE04EC0-301F-11D3-BF4B-00C04F79EFBC}") = "TVM_WMS.SERVER", "TcpServer\TVM_WMS.SERVER.csproj", "{A689D383-194D-472A-BFDF-872EA8EE5821}"
EndProject
Project("{FAE04EC0-301F-11D3-BF4B-00C04F79EFBC}") = "Packet", "TagDTO\Packet.csproj", "{3EF5FE6E-9145-4A25-B278-A08FE8473D42}"
EndProject
Global
	GlobalSection(SolutionConfigurationPlatforms) = preSolution
		Debug|Any CPU = Debug|Any CPU
		Release|Any CPU = Release|Any CPU
	EndGlobalSection
	GlobalSection(ProjectConfigurationPlatforms) = postSolution
		{A689D383-194D-472A-BFDF-872EA8EE5821}.Debug|Any CPU.ActiveCfg = Debug|Any CPU
		{A689D383-194D-472A-BFDF-872EA8EE5821}.Debug|Any CPU.Build.0 = Debug|Any CPU
		{A689D383-194D-472A-BFDF-872EA8EE5821}.Release|Any CPU.ActiveCfg = Release|Any CPU
		{A689D383-194D-472A-BFDF-872EA8EE5821}.Release|Any CPU.Build.0 = Release|Any CPU
		{3EF5FE6E-9145-4A25-B278-A08FE8473D42}.Debug|Any CPU.ActiveCfg = Debug|Any CPU
		{3EF5FE6E-9145-4A25-B278-A08FE8473D42}.Debug|Any CPU.Build.0 = Debug|Any CPU
		{3EF5FE6E-9145-4A25-B278-A08FE8473D42}.Release|Any CPU.ActiveCfg = Release|Any CPU
		{3EF5FE6E-9145-4A25-B278-A08FE8473D42}.Release|Any CPU.Build.0 = Release|Any CPU
	EndGlobalSection
	GlobalSection(SolutionProperties) = preSolution
		HideSolutionNode = FALSE
	EndGlobalSection
EndGlobal
